// !$*UTF8*$!
{
	archiveVersion = 1;
	classes = {
	};
	objectVersion = 50;
	objects = {

/* Begin PBXBuildFile section */
		62722615231CEA2D00688307 /* AppDelegate.swift in Sources */ = {isa = PBXBuildFile; fileRef = 62722614231CEA2D00688307 /* AppDelegate.swift */; };
		62722617231CEA2D00688307 /* ViewController.swift in Sources */ = {isa = PBXBuildFile; fileRef = 62722616231CEA2D00688307 /* ViewController.swift */; };
		6272261C231CEA2E00688307 /* Assets.xcassets in Resources */ = {isa = PBXBuildFile; fileRef = 6272261B231CEA2E00688307 /* Assets.xcassets */; };
		6272261F231CEA2E00688307 /* LaunchScreen.storyboard in Resources */ = {isa = PBXBuildFile; fileRef = 6272261D231CEA2E00688307 /* LaunchScreen.storyboard */; };
		6272262A231CEA2E00688307 /* simple_bgTests.swift in Sources */ = {isa = PBXBuildFile; fileRef = 62722629231CEA2E00688307 /* simple_bgTests.swift */; };
		62722635231CEA2E00688307 /* simple_bgUITests.swift in Sources */ = {isa = PBXBuildFile; fileRef = 62722634231CEA2E00688307 /* simple_bgUITests.swift */; };
		62722643231CED1600688307 /* NavigationController.swift in Sources */ = {isa = PBXBuildFile; fileRef = 62722642231CED1600688307 /* NavigationController.swift */; };
/* End PBXBuildFile section */

/* Begin PBXContainerItemProxy section */
		62722626231CEA2E00688307 /* PBXContainerItemProxy */ = {
			isa = PBXContainerItemProxy;
			containerPortal = 62722609231CEA2D00688307 /* Project object */;
			proxyType = 1;
			remoteGlobalIDString = 62722610231CEA2D00688307;
			remoteInfo = simple.bg;
		};
		62722631231CEA2E00688307 /* PBXContainerItemProxy */ = {
			isa = PBXContainerItemProxy;
			containerPortal = 62722609231CEA2D00688307 /* Project object */;
			proxyType = 1;
			remoteGlobalIDString = 62722610231CEA2D00688307;
			remoteInfo = simple.bg;
		};
/* End PBXContainerItemProxy section */

/* Begin PBXFileReference section */
		62722611231CEA2D00688307 /* simple.bg.app */ = {isa = PBXFileReference; explicitFileType = wrapper.application; includeInIndex = 0; path = simple.bg.app; sourceTree = BUILT_PRODUCTS_DIR; };
		62722614231CEA2D00688307 /* AppDelegate.swift */ = {isa = PBXFileReference; lastKnownFileType = sourcecode.swift; path = AppDelegate.swift; sourceTree = "<group>"; };
		62722616231CEA2D00688307 /* ViewController.swift */ = {isa = PBXFileReference; lastKnownFileType = sourcecode.swift; path = ViewController.swift; sourceTree = "<group>"; };
		6272261B231CEA2E00688307 /* Assets.xcassets */ = {isa = PBXFileReference; lastKnownFileType = folder.assetcatalog; path = Assets.xcassets; sourceTree = "<group>"; };
		6272261E231CEA2E00688307 /* Base */ = {isa = PBXFileReference; lastKnownFileType = file.storyboard; name = Base; path = Base.lproj/LaunchScreen.storyboard; sourceTree = "<group>"; };
		62722620231CEA2E00688307 /* Info.plist */ = {isa = PBXFileReference; lastKnownFileType = text.plist.xml; path = Info.plist; sourceTree = "<group>"; };
		62722625231CEA2E00688307 /* simple.bgTests.xctest */ = {isa = PBXFileReference; explicitFileType = wrapper.cfbundle; includeInIndex = 0; path = simple.bgTests.xctest; sourceTree = BUILT_PRODUCTS_DIR; };
		62722629231CEA2E00688307 /* simple_bgTests.swift */ = {isa = PBXFileReference; lastKnownFileType = sourcecode.swift; path = simple_bgTests.swift; sourceTree = "<group>"; };
		6272262B231CEA2E00688307 /* Info.plist */ = {isa = PBXFileReference; lastKnownFileType = text.plist.xml; path = Info.plist; sourceTree = "<group>"; };
		62722630231CEA2E00688307 /* simple.bgUITests.xctest */ = {isa = PBXFileReference; explicitFileType = wrapper.cfbundle; includeInIndex = 0; path = simple.bgUITests.xctest; sourceTree = BUILT_PRODUCTS_DIR; };
		62722634231CEA2E00688307 /* simple_bgUITests.swift */ = {isa = PBXFileReference; lastKnownFileType = sourcecode.swift; path = simple_bgUITests.swift; sourceTree = "<group>"; };
		62722636231CEA2E00688307 /* Info.plist */ = {isa = PBXFileReference; lastKnownFileType = text.plist.xml; path = Info.plist; sourceTree = "<group>"; };
		62722642231CED1600688307 /* NavigationController.swift */ = {isa = PBXFileReference; lastKnownFileType = sourcecode.swift; path = NavigationController.swift; sourceTree = "<group>"; };
/* End PBXFileReference section */

/* Begin PBXFrameworksBuildPhase section */
		6272260E231CEA2D00688307 /* Frameworks */ = {
			isa = PBXFrameworksBuildPhase;
			buildActionMask = 2147483647;
			files = (
			);
			runOnlyForDeploymentPostprocessing = 0;
		};
		62722622231CEA2E00688307 /* Frameworks */ = {
			isa = PBXFrameworksBuildPhase;
			buildActionMask = 2147483647;
			files = (
			);
			runOnlyForDeploymentPostprocessing = 0;
		};
		6272262D231CEA2E00688307 /* Frameworks */ = {
			isa = PBXFrameworksBuildPhase;
			buildActionMask = 2147483647;
			files = (
			);
			runOnlyForDeploymentPostprocessing = 0;
		};
/* End PBXFrameworksBuildPhase section */

/* Begin PBXGroup section */
		62722608231CEA2D00688307 = {
			isa = PBXGroup;
			children = (
				62722613231CEA2D00688307 /* simple.bg */,
				62722628231CEA2E00688307 /* simple.bgTests */,
				62722633231CEA2E00688307 /* simple.bgUITests */,
				62722612231CEA2D00688307 /* Products */,
			);
			sourceTree = "<group>";
		};
		62722612231CEA2D00688307 /* Products */ = {
			isa = PBXGroup;
			children = (
				62722611231CEA2D00688307 /* simple.bg.app */,
				62722625231CEA2E00688307 /* simple.bgTests.xctest */,
				62722630231CEA2E00688307 /* simple.bgUITests.xctest */,
			);
			name = Products;
			sourceTree = "<group>";
		};
		62722613231CEA2D00688307 /* simple.bg */ = {
			isa = PBXGroup;
			children = (
				62722614231CEA2D00688307 /* AppDelegate.swift */,
				62722642231CED1600688307 /* NavigationController.swift */,
				62722616231CEA2D00688307 /* ViewController.swift */,
				6272261B231CEA2E00688307 /* Assets.xcassets */,
				6272261D231CEA2E00688307 /* LaunchScreen.storyboard */,
				62722620231CEA2E00688307 /* Info.plist */,
			);
			path = simple.bg;
			sourceTree = "<group>";
		};
		62722628231CEA2E00688307 /* simple.bgTests */ = {
			isa = PBXGroup;
			children = (
				62722629231CEA2E00688307 /* simple_bgTests.swift */,
				6272262B231CEA2E00688307 /* Info.plist */,
			);
			path = simple.bgTests;
			sourceTree = "<group>";
		};
		62722633231CEA2E00688307 /* simple.bgUITests */ = {
			isa = PBXGroup;
			children = (
				62722634231CEA2E00688307 /* simple_bgUITests.swift */,
				62722636231CEA2E00688307 /* Info.plist */,
			);
			path = simple.bgUITests;
			sourceTree = "<group>";
		};
/* End PBXGroup section */

/* Begin PBXNativeTarget section */
		62722610231CEA2D00688307 /* simple.bg */ = {
			isa = PBXNativeTarget;
			buildConfigurationList = 62722639231CEA2E00688307 /* Build configuration list for PBXNativeTarget "simple.bg" */;
			buildPhases = (
				6272260D231CEA2D00688307 /* Sources */,
				6272260E231CEA2D00688307 /* Frameworks */,
				6272260F231CEA2D00688307 /* Resources */,
			);
			buildRules = (
			);
			dependencies = (
			);
			name = simple.bg;
			productName = simple.bg;
			productReference = 62722611231CEA2D00688307 /* simple.bg.app */;
			productType = "com.apple.product-type.application";
		};
		62722624231CEA2E00688307 /* simple.bgTests */ = {
			isa = PBXNativeTarget;
			buildConfigurationList = 6272263C231CEA2E00688307 /* Build configuration list for PBXNativeTarget "simple.bgTests" */;
			buildPhases = (
				62722621231CEA2E00688307 /* Sources */,
				62722622231CEA2E00688307 /* Frameworks */,
				62722623231CEA2E00688307 /* Resources */,
			);
			buildRules = (
			);
			dependencies = (
				62722627231CEA2E00688307 /* PBXTargetDependency */,
			);
			name = simple.bgTests;
			productName = simple.bgTests;
			productReference = 62722625231CEA2E00688307 /* simple.bgTests.xctest */;
			productType = "com.apple.product-type.bundle.unit-test";
		};
		6272262F231CEA2E00688307 /* simple.bgUITests */ = {
			isa = PBXNativeTarget;
			buildConfigurationList = 6272263F231CEA2E00688307 /* Build configuration list for PBXNativeTarget "simple.bgUITests" */;
			buildPhases = (
				6272262C231CEA2E00688307 /* Sources */,
				6272262D231CEA2E00688307 /* Frameworks */,
				6272262E231CEA2E00688307 /* Resources */,
			);
			buildRules = (
			);
			dependencies = (
				62722632231CEA2E00688307 /* PBXTargetDependency */,
			);
			name = simple.bgUITests;
			productName = simple.bgUITests;
			productReference = 62722630231CEA2E00688307 /* simple.bgUITests.xctest */;
			productType = "com.apple.product-type.bundle.ui-testing";
		};
/* End PBXNativeTarget section */

/* Begin PBXProject section */
		62722609231CEA2D00688307 /* Project object */ = {
			isa = PBXProject;
			attributes = {
				LastSwiftUpdateCheck = 1020;
				LastUpgradeCheck = 1020;
				ORGANIZATIONNAME = "Wesley Bevins";
				TargetAttributes = {
					62722610231CEA2D00688307 = {
						CreatedOnToolsVersion = 10.2.1;
					};
					62722624231CEA2E00688307 = {
						CreatedOnToolsVersion = 10.2.1;
						TestTargetID = 62722610231CEA2D00688307;
					};
					6272262F231CEA2E00688307 = {
						CreatedOnToolsVersion = 10.2.1;
						TestTargetID = 62722610231CEA2D00688307;
					};
				};
			};
			buildConfigurationList = 6272260C231CEA2D00688307 /* Build configuration list for PBXProject "simple.bg" */;
			compatibilityVersion = "Xcode 9.3";
			developmentRegion = en;
			hasScannedForEncodings = 0;
			knownRegions = (
				en,
				Base,
			);
			mainGroup = 62722608231CEA2D00688307;
			productRefGroup = 62722612231CEA2D00688307 /* Products */;
			projectDirPath = "";
			projectRoot = "";
			targets = (
				62722610231CEA2D00688307 /* simple.bg */,
				62722624231CEA2E00688307 /* simple.bgTests */,
				6272262F231CEA2E00688307 /* simple.bgUITests */,
			);
		};
/* End PBXProject section */

/* Begin PBXResourcesBuildPhase section */
		6272260F231CEA2D00688307 /* Resources */ = {
			isa = PBXResourcesBuildPhase;
			buildActionMask = 2147483647;
			files = (
				6272261F231CEA2E00688307 /* LaunchScreen.storyboard in Resources */,
				6272261C231CEA2E00688307 /* Assets.xcassets in Resources */,
			);
			runOnlyForDeploymentPostprocessing = 0;
		};
		62722623231CEA2E00688307 /* Resources */ = {
			isa = PBXResourcesBuildPhase;
			buildActionMask = 2147483647;
			files = (
			);
			runOnlyForDeploymentPostprocessing = 0;
		};
		6272262E231CEA2E00688307 /* Resources */ = {
			isa = PBXResourcesBuildPhase;
			buildActionMask = 2147483647;
			files = (
			);
			runOnlyForDeploymentPostprocessing = 0;
		};
/* End PBXResourcesBuildPhase section */

/* Begin PBXSourcesBuildPhase section */
		6272260D231CEA2D00688307 /* Sources */ = {
			isa = PBXSourcesBuildPhase;
			buildActionMask = 2147483647;
			files = (
				62722617231CEA2D00688307 /* ViewController.swift in Sources */,
				62722643231CED1600688307 /* NavigationController.swift in Sources */,
				62722615231CEA2D00688307 /* AppDelegate.swift in Sources */,
			);
			runOnlyForDeploymentPostprocessing = 0;
		};
		62722621231CEA2E00688307 /* Sources */ = {
			isa = PBXSourcesBuildPhase;
			buildActionMask = 2147483647;
			files = (
				6272262A231CEA2E00688307 /* simple_bgTests.swift in Sources */,
			);
			runOnlyForDeploymentPostprocessing = 0;
		};
		6272262C231CEA2E00688307 /* Sources */ = {
			isa = PBXSourcesBuildPhase;
			buildActionMask = 2147483647;
			files = (
				62722635231CEA2E00688307 /* simple_bgUITests.swift in Sources */,
			);
			runOnlyForDeploymentPostprocessing = 0;
		};
/* End PBXSourcesBuildPhase section */

/* Begin PBXTargetDependency section */
		62722627231CEA2E00688307 /* PBXTargetDependency */ = {
			isa = PBXTargetDependency;
			target = 62722610231CEA2D00688307 /* simple.bg */;
			targetProxy = 62722626231CEA2E00688307 /* PBXContainerItemProxy */;
		};
		62722632231CEA2E00688307 /* PBXTargetDependency */ = {
			isa = PBXTargetDependency;
			target = 62722610231CEA2D00688307 /* simple.bg */;
			targetProxy = 62722631231CEA2E00688307 /* PBXContainerItemProxy */;
		};
/* End PBXTargetDependency section */

/* Begin PBXVariantGroup section */
		6272261D231CEA2E00688307 /* LaunchScreen.storyboard */ = {
			isa = PBXVariantGroup;
			children = (
				6272261E231CEA2E00688307 /* Base */,
			);
			name = LaunchScreen.storyboard;
			sourceTree = "<group>";
		};
/* End PBXVariantGroup section */

/* Begin XCBuildConfiguration section */
		62722637231CEA2E00688307 /* Debug */ = {
			isa = XCBuildConfiguration;
			buildSettings = {
				ALWAYS_SEARCH_USER_PATHS = NO;
				CLANG_ANALYZER_NONNULL = YES;
				CLANG_ANALYZER_NUMBER_OBJECT_CONVERSION = YES_AGGRESSIVE;
				CLANG_CXX_LANGUAGE_STANDARD = "gnu++14";
				CLANG_CXX_LIBRARY = "libc++";
				CLANG_ENABLE_MODULES = YES;
				CLANG_ENABLE_OBJC_ARC = YES;
				CLANG_ENABLE_OBJC_WEAK = YES;
				CLANG_WARN_BLOCK_CAPTURE_AUTORELEASING = YES;
				CLANG_WARN_BOOL_CONVERSION = YES;
				CLANG_WARN_COMMA = YES;
				CLANG_WARN_CONSTANT_CONVERSION = YES;
				CLANG_WARN_DEPRECATED_OBJC_IMPLEMENTATIONS = YES;
				CLANG_WARN_DIRECT_OBJC_ISA_USAGE = YES_ERROR;
				CLANG_WARN_DOCUMENTATION_COMMENTS = YES;
				CLANG_WARN_EMPTY_BODY = YES;
				CLANG_WARN_ENUM_CONVERSION = YES;
				CLANG_WARN_INFINITE_RECURSION = YES;
				CLANG_WARN_INT_CONVERSION = YES;
				CLANG_WARN_NON_LITERAL_NULL_CONVERSION = YES;
				CLANG_WARN_OBJC_IMPLICIT_RETAIN_SELF = YES;
				CLANG_WARN_OBJC_LITERAL_CONVERSION = YES;
				CLANG_WARN_OBJC_ROOT_CLASS = YES_ERROR;
				CLANG_WARN_RANGE_LOOP_ANALYSIS = YES;
				CLANG_WARN_STRICT_PROTOTYPES = YES;
				CLANG_WARN_SUSPICIOUS_MOVE = YES;
				CLANG_WARN_UNGUARDED_AVAILABILITY = YES_AGGRESSIVE;
				CLANG_WARN_UNREACHABLE_CODE = YES;
				CLANG_WARN__DUPLICATE_METHOD_MATCH = YES;
				CODE_SIGN_IDENTITY = "iPhone Developer";
				COPY_PHASE_STRIP = NO;
				DEBUG_INFORMATION_FORMAT = dwarf;
				ENABLE_STRICT_OBJC_MSGSEND = YES;
				ENABLE_TESTABILITY = YES;
				GCC_C_LANGUAGE_STANDARD = gnu11;
				GCC_DYNAMIC_NO_PIC = NO;
				GCC_NO_COMMON_BLOCKS = YES;
				GCC_OPTIMIZATION_LEVEL = 0;
				GCC_PREPROCESSOR_DEFINITIONS = (
					"DEBUG=1",
					"$(inherited)",
				);
				GCC_WARN_64_TO_32_BIT_CONVERSION = YES;
				GCC_WARN_ABOUT_RETURN_TYPE = YES_ERROR;
				GCC_WARN_UNDECLARED_SELECTOR = YES;
				GCC_WARN_UNINITIALIZED_AUTOS = YES_AGGRESSIVE;
				GCC_WARN_UNUSED_FUNCTION = YES;
				GCC_WARN_UNUSED_VARIABLE = YES;
				IPHONEOS_DEPLOYMENT_TARGET = 12.2;
				MTL_ENABLE_DEBUG_INFO = INCLUDE_SOURCE;
				MTL_FAST_MATH = YES;
				ONLY_ACTIVE_ARCH = YES;
				SDKROOT = iphoneos;
				SWIFT_ACTIVE_COMPILATION_CONDITIONS = DEBUG;
				SWIFT_OPTIMIZATION_LEVEL = "-Onone";
			};
			name = Debug;
		};
		62722638231CEA2E00688307 /* Release */ = {
			isa = XCBuildConfiguration;
			buildSettings = {
				ALWAYS_SEARCH_USER_PATHS = NO;
				CLANG_ANALYZER_NONNULL = YES;
				CLANG_ANALYZER_NUMBER_OBJECT_CONVERSION = YES_AGGRESSIVE;
				CLANG_CXX_LANGUAGE_STANDARD = "gnu++14";
				CLANG_CXX_LIBRARY = "libc++";
				CLANG_ENABLE_MODULES = YES;
				CLANG_ENABLE_OBJC_ARC = YES;
				CLANG_ENABLE_OBJC_WEAK = YES;
				CLANG_WARN_BLOCK_CAPTURE_AUTORELEASING = YES;
				CLANG_WARN_BOOL_CONVERSION = YES;
				CLANG_WARN_COMMA = YES;
				CLANG_WARN_CONSTANT_CONVERSION = YES;
				CLANG_WARN_DEPRECATED_OBJC_IMPLEMENTATIONS = YES;
				CLANG_WARN_DIRECT_OBJC_ISA_USAGE = YES_ERROR;
				CLANG_WARN_DOCUMENTATION_COMMENTS = YES;
				CLANG_WARN_EMPTY_BODY = YES;
				CLANG_WARN_ENUM_CONVERSION = YES;
				CLANG_WARN_INFINITE_RECURSION = YES;
				CLANG_WARN_INT_CONVERSION = YES;
				CLANG_WARN_NON_LITERAL_NULL_CONVERSION = YES;
				CLANG_WARN_OBJC_IMPLICIT_RETAIN_SELF = YES;
				CLANG_WARN_OBJC_LITERAL_CONVERSION = YES;
				CLANG_WARN_OBJC_ROOT_CLASS = YES_ERROR;
				CLANG_WARN_RANGE_LOOP_ANALYSIS = YES;
				CLANG_WARN_STRICT_PROTOTYPES = YES;
				CLANG_WARN_SUSPICIOUS_MOVE = YES;
				CLANG_WARN_UNGUARDED_AVAILABILITY = YES_AGGRESSIVE;
				CLANG_WARN_UNREACHABLE_CODE = YES;
				CLANG_WARN__DUPLICATE_METHOD_MATCH = YES;
				CODE_SIGN_IDENTITY = "iPhone Developer";
				COPY_PHASE_STRIP = NO;
				DEBUG_INFORMATION_FORMAT = "dwarf-with-dsym";
				ENABLE_NS_ASSERTIONS = NO;
				ENABLE_STRICT_OBJC_MSGSEND = YES;
				GCC_C_LANGUAGE_STANDARD = gnu11;
				GCC_NO_COMMON_BLOCKS = YES;
				GCC_WARN_64_TO_32_BIT_CONVERSION = YES;
				GCC_WARN_ABOUT_RETURN_TYPE = YES_ERROR;
				GCC_WARN_UNDECLARED_SELECTOR = YES;
				GCC_WARN_UNINITIALIZED_AUTOS = YES_AGGRESSIVE;
				GCC_WARN_UNUSED_FUNCTION = YES;
				GCC_WARN_UNUSED_VARIABLE = YES;
				IPHONEOS_DEPLOYMENT_TARGET = 12.2;
				MTL_ENABLE_DEBUG_INFO = NO;
				MTL_FAST_MATH = YES;
				SDKROOT = iphoneos;
				SWIFT_COMPILATION_MODE = wholemodule;
				SWIFT_OPTIMIZATION_LEVEL = "-O";
				VALIDATE_PRODUCT = YES;
			};
			name = Release;
		};
		6272263A231CEA2E00688307 /* Debug */ = {
			isa = XCBuildConfiguration;
			buildSettings = {
				ASSETCATALOG_COMPILER_APPICON_NAME = AppIcon;
				CODE_SIGN_STYLE = Automatic;
				DEVELOPMENT_TEAM = GET2YU67YM;
				INFOPLIST_FILE = simple.bg/Info.plist;
				LD_RUNPATH_SEARCH_PATHS = (
					"$(inherited)",
					"@executable_path/Frameworks",
				);
				PRODUCT_BUNDLE_IDENTIFIER = "com.WesleyBevins.simple-bg";
				PRODUCT_NAME = "$(TARGET_NAME)";
				SWIFT_VERSION = 5.0;
				TARGETED_DEVICE_FAMILY = "1,2";
			};
			name = Debug;
		};
		6272263B231CEA2E00688307 /* Release */ = {
			isa = XCBuildConfiguration;
			buildSettings = {
				ASSETCATALOG_COMPILER_APPICON_NAME = AppIcon;
				CODE_SIGN_STYLE = Automatic;
				DEVELOPMENT_TEAM = GET2YU67YM;
				INFOPLIST_FILE = simple.bg/Info.plist;
				LD_RUNPATH_SEARCH_PATHS = (
					"$(inherited)",
					"@executable_path/Frameworks",
				);
				PRODUCT_BUNDLE_IDENTIFIER = "com.WesleyBevins.simple-bg";
				PRODUCT_NAME = "$(TARGET_NAME)";
				SWIFT_VERSION = 5.0;
				TARGETED_DEVICE_FAMILY = "1,2";
			};
			name = Release;
		};
		6272263D231CEA2E00688307 /* Debug */ = {
			isa = XCBuildConfiguration;
			buildSettings = {
				ALWAYS_EMBED_SWIFT_STANDARD_LIBRARIES = YES;
				BUNDLE_LOADER = "$(TEST_HOST)";
				CODE_SIGN_STYLE = Automatic;
				DEVELOPMENT_TEAM = GET2YU67YM;
				INFOPLIST_FILE = simple.bgTests/Info.plist;
				LD_RUNPATH_SEARCH_PATHS = (
					"$(inherited)",
					"@executable_path/Frameworks",
					"@loader_path/Frameworks",
				);
				PRODUCT_BUNDLE_IDENTIFIER = "com.WesleyBevins.simple-bgTests";
				PRODUCT_NAME = "$(TARGET_NAME)";
				SWIFT_VERSION = 5.0;
				TARGETED_DEVICE_FAMILY = "1,2";
				TEST_HOST = "$(BUILT_PRODUCTS_DIR)/simple.bg.app/simple.bg";
			};
			name = Debug;
		};
		6272263E231CEA2E00688307 /* Release */ = {
			isa = XCBuildConfiguration;
			buildSettings = {
				ALWAYS_EMBED_SWIFT_STANDARD_LIBRARIES = YES;
				BUNDLE_LOADER = "$(TEST_HOST)";
				CODE_SIGN_STYLE = Automatic;
				DEVELOPMENT_TEAM = GET2YU67YM;
				INFOPLIST_FILE = simple.bgTests/Info.plist;
				LD_RUNPATH_SEARCH_PATHS = (
					"$(inherited)",
					"@executable_path/Frameworks",
					"@loader_path/Frameworks",
				);
				PRODUCT_BUNDLE_IDENTIFIER = "com.WesleyBevins.simple-bgTests";
				PRODUCT_NAME = "$(TARGET_NAME)";
				SWIFT_VERSION = 5.0;
				TARGETED_DEVICE_FAMILY = "1,2";
				TEST_HOST = "$(BUILT_PRODUCTS_DIR)/simple.bg.app/simple.bg";
			};
			name = Release;
		};
		62722640231CEA2E00688307 /* Debug */ = {
			isa = XCBuildConfiguration;
			buildSettings = {
				ALWAYS_EMBED_SWIFT_STANDARD_LIBRARIES = YES;
				CODE_SIGN_STYLE = Automatic;
				DEVELOPMENT_TEAM = GET2YU67YM;
				INFOPLIST_FILE = simple.bgUITests/Info.plist;
				LD_RUNPATH_SEARCH_PATHS = (
					"$(inherited)",
					"@executable_path/Frameworks",
					"@loader_path/Frameworks",
				);
				PRODUCT_BUNDLE_IDENTIFIER = "com.WesleyBevins.simple-bgUITests";
				PRODUCT_NAME = "$(TARGET_NAME)";
				SWIFT_VERSION = 5.0;
				TARGETED_DEVICE_FAMILY = "1,2";
				TEST_TARGET_NAME = simple.bg;
			};
			name = Debug;
		};
		62722641231CEA2E00688307 /* Release */ = {
			isa = XCBuildConfiguration;
			buildSettings = {
				ALWAYS_EMBED_SWIFT_STANDARD_LIBRARIES = YES;
				CODE_SIGN_STYLE = Automatic;
				DEVELOPMENT_TEAM = GET2YU67YM;
				INFOPLIST_FILE = simple.bgUITests/Info.plist;
				LD_RUNPATH_SEARCH_PATHS = (
					"$(inherited)",
					"@executable_path/Frameworks",
					"@loader_path/Frameworks",
				);
				PRODUCT_BUNDLE_IDENTIFIER = "com.WesleyBevins.simple-bgUITests";
				PRODUCT_NAME = "$(TARGET_NAME)";
				SWIFT_VERSION = 5.0;
				TARGETED_DEVICE_FAMILY = "1,2";
				TEST_TARGET_NAME = simple.bg;
			};
			name = Release;
		};
/* End XCBuildConfiguration section */

/* Begin XCConfigurationList section */
		6272260C231CEA2D00688307 /* Build configuration list for PBXProject "simple.bg" */ = {
			isa = XCConfigurationList;
			buildConfigurations = (
				62722637231CEA2E00688307 /* Debug */,
				62722638231CEA2E00688307 /* Release */,
			);
			defaultConfigurationIsVisible = 0;
			defaultConfigurationName = Release;
		};
		62722639231CEA2E00688307 /* Build configuration list for PBXNativeTarget "simple.bg" */ = {
			isa = XCConfigurationList;
			buildConfigurations = (
				6272263A231CEA2E00688307 /* Debug */,
				6272263B231CEA2E00688307 /* Release */,
			);
			defaultConfigurationIsVisible = 0;
			defaultConfigurationName = Release;
		};
		6272263C231CEA2E00688307 /* Build configuration list for PBXNativeTarget "simple.bgTests" */ = {
			isa = XCConfigurationList;
			buildConfigurations = (
				6272263D231CEA2E00688307 /* Debug */,
				6272263E231CEA2E00688307 /* Release */,
			);
			defaultConfigurationIsVisible = 0;
			defaultConfigurationName = Release;
		};
		6272263F231CEA2E00688307 /* Build configuration list for PBXNativeTarget "simple.bgUITests" */ = {
			isa = XCConfigurationList;
			buildConfigurations = (
				62722640231CEA2E00688307 /* Debug */,
				62722641231CEA2E00688307 /* Release */,
			);
			defaultConfigurationIsVisible = 0;
			defaultConfigurationName = Release;
		};
/* End XCConfigurationList section */
	};
	rootObject = 62722609231CEA2D00688307 /* Project object */;
}
